
Microsoft Visual Studio Solution File, Format Version 12.00
# Visual Studio Version 17
VisualStudioVersion = 17.14.36518.9 d17.14
MinimumVisualStudioVersion = 10.0.40219.1
Project("{FAE04EC0-301F-11D3-BF4B-00C04F79EFBC}") = "ExamBankFrontend", "ExamBankFrontend.csproj", "{99C9A57C-13F2-451C-957C-6D11494F4084}"
EndProject
Global
	GlobalSection(SolutionConfigurationPlatforms) = preSolution
		Debug|Any CPU = Debug|Any CPU
		Release|Any CPU = Release|Any CPU
	EndGlobalSection
	GlobalSection(ProjectConfigurationPlatforms) = postSolution
		{99C9A57C-13F2-451C-957C-6D11494F4084}.Debug|Any CPU.ActiveCfg = Debug|Any CPU
		{99C9A57C-13F2-451C-957C-6D11494F4084}.Debug|Any CPU.Build.0 = Debug|Any CPU
		{99C9A57C-13F2-451C-957C-6D11494F4084}.Release|Any CPU.ActiveCfg = Release|Any CPU
		{99C9A57C-13F2-451C-957C-6D11494F4084}.Release|Any CPU.Build.0 = Release|Any CPU
	EndGlobalSection
	GlobalSection(SolutionProperties) = preSolution
		HideSolutionNode = FALSE
	EndGlobalSection
	GlobalSection(ExtensibilityGlobals) = postSolution
		SolutionGuid = {05AA0C89-437B-46A1-8C57-CBEC1FC4EA76}
	EndGlobalSection
EndGlobal
